
Microsoft Visual Studio Solution File, Format Version 12.00
# Visual Studio Version 16
VisualStudioVersion = 16.0.32126.315
MinimumVisualStudioVersion = 10.0.40219.1
Project("{FAE04EC0-301F-11D3-BF4B-00C04F79EFBC}") = "FirstWebApi", "FirstWebApi\FirstWebApi.csproj", "{B470A99D-DA5A-4D65-B732-731DC566D16E}"
EndProject
Global
	GlobalSection(SolutionConfigurationPlatforms) = preSolution
		Debug|Any CPU = Debug|Any CPU
		Release|Any CPU = Release|Any CPU
	EndGlobalSection
	GlobalSection(ProjectConfigurationPlatforms) = postSolution
		{B470A99D-DA5A-4D65-B732-731DC566D16E}.Debug|Any CPU.ActiveCfg = Debug|Any CPU
		{B470A99D-DA5A-4D65-B732-731DC566D16E}.Debug|Any CPU.Build.0 = Debug|Any CPU
		{B470A99D-DA5A-4D65-B732-731DC566D16E}.Release|Any CPU.ActiveCfg = Release|Any CPU
		{B470A99D-DA5A-4D65-B732-731DC566D16E}.Release|Any CPU.Build.0 = Release|Any CPU
	EndGlobalSection
	GlobalSection(SolutionProperties) = preSolution
		HideSolutionNode = FALSE
	EndGlobalSection
	GlobalSection(ExtensibilityGlobals) = postSolution
		SolutionGuid = {22147382-868D-412E-A1DC-326381B009FE}
	EndGlobalSection
EndGlobal
